// !$*UTF8*$!
{
	archiveVersion = 1;
	classes = {
	};
	objectVersion = 50;
	objects = {

/* Begin PBXBuildFile section */
		D86542052285D1210004FAAD /* AppDelegate.swift in Sources */ = {isa = PBXBuildFile; fileRef = D86542042285D1210004FAAD /* AppDelegate.swift */; };
		D86542072285D1210004FAAD /* ViewController.swift in Sources */ = {isa = PBXBuildFile; fileRef = D86542062285D1210004FAAD /* ViewController.swift */; };
		D865420A2285D1210004FAAD /* Main.storyboard in Resources */ = {isa = PBXBuildFile; fileRef = D86542082285D1210004FAAD /* Main.storyboard */; };
		D865420C2285D1220004FAAD /* Assets.xcassets in Resources */ = {isa = PBXBuildFile; fileRef = D865420B2285D1220004FAAD /* Assets.xcassets */; };
		D865420F2285D1220004FAAD /* LaunchScreen.storyboard in Resources */ = {isa = PBXBuildFile; fileRef = D865420D2285D1220004FAAD /* LaunchScreen.storyboard */; };
		D865421A2285D1230004FAAD /* TWTaskTests.swift in Sources */ = {isa = PBXBuildFile; fileRef = D86542192285D1230004FAAD /* TWTaskTests.swift */; };
/* End PBXBuildFile section */

/* Begin PBXContainerItemProxy section */
		D86542162285D1230004FAAD /* PBXContainerItemProxy */ = {
			isa = PBXContainerItemProxy;
			containerPortal = D86541F92285D1210004FAAD /* Project object */;
			proxyType = 1;
			remoteGlobalIDString = D86542002285D1210004FAAD;
			remoteInfo = TWTask;
		};
/* End PBXContainerItemProxy section */

/* Begin PBXFileReference section */
		D86542012285D1210004FAAD /* TWTask.app */ = {isa = PBXFileReference; explicitFileType = wrapper.application; includeInIndex = 0; path = TWTask.app; sourceTree = BUILT_PRODUCTS_DIR; };
		D86542042285D1210004FAAD /* AppDelegate.swift */ = {isa = PBXFileReference; lastKnownFileType = sourcecode.swift; path = AppDelegate.swift; sourceTree = "<group>"; };
		D86542062285D1210004FAAD /* ViewController.swift */ = {isa = PBXFileReference; lastKnownFileType = sourcecode.swift; path = ViewController.swift; sourceTree = "<group>"; };
		D86542092285D1210004FAAD /* Base */ = {isa = PBXFileReference; lastKnownFileType = file.storyboard; name = Base; path = Base.lproj/Main.storyboard; sourceTree = "<group>"; };
		D865420B2285D1220004FAAD /* Assets.xcassets */ = {isa = PBXFileReference; lastKnownFileType = folder.assetcatalog; path = Assets.xcassets; sourceTree = "<group>"; };
		D865420E2285D1220004FAAD /* Base */ = {isa = PBXFileReference; lastKnownFileType = file.storyboard; name = Base; path = Base.lproj/LaunchScreen.storyboard; sourceTree = "<group>"; };
		D86542102285D1220004FAAD /* Info.plist */ = {isa = PBXFileReference; lastKnownFileType = text.plist.xml; path = Info.plist; sourceTree = "<group>"; };
		D86542152285D1230004FAAD /* TWTaskTests.xctest */ = {isa = PBXFileReference; explicitFileType = wrapper.cfbundle; includeInIndex = 0; path = TWTaskTests.xctest; sourceTree = BUILT_PRODUCTS_DIR; };
		D86542192285D1230004FAAD /* TWTaskTests.swift */ = {isa = PBXFileReference; lastKnownFileType = sourcecode.swift; path = TWTaskTests.swift; sourceTree = "<group>"; };
		D865421B2285D1230004FAAD /* Info.plist */ = {isa = PBXFileReference; lastKnownFileType = text.plist.xml; path = Info.plist; sourceTree = "<group>"; };
/* End PBXFileReference section */

/* Begin PBXFrameworksBuildPhase section */
		D86541FE2285D1210004FAAD /* Frameworks */ = {
			isa = PBXFrameworksBuildPhase;
			buildActionMask = 2147483647;
			files = (
			);
			runOnlyForDeploymentPostprocessing = 0;
		};
		D86542122285D1230004FAAD /* Frameworks */ = {
			isa = PBXFrameworksBuildPhase;
			buildActionMask = 2147483647;
			files = (
			);
			runOnlyForDeploymentPostprocessing = 0;
		};
/* End PBXFrameworksBuildPhase section */

/* Begin PBXGroup section */
		D86541F82285D1210004FAAD = {
			isa = PBXGroup;
			children = (
				D86542032285D1210004FAAD /* TWTask */,
				D86542182285D1230004FAAD /* TWTaskTests */,
				D86542022285D1210004FAAD /* Products */,
			);
			sourceTree = "<group>";
		};
		D86542022285D1210004FAAD /* Products */ = {
			isa = PBXGroup;
			children = (
				D86542012285D1210004FAAD /* TWTask.app */,
				D86542152285D1230004FAAD /* TWTaskTests.xctest */,
			);
			name = Products;
			sourceTree = "<group>";
		};
		D86542032285D1210004FAAD /* TWTask */ = {
			isa = PBXGroup;
			children = (
				D86542042285D1210004FAAD /* AppDelegate.swift */,
				D86542062285D1210004FAAD /* ViewController.swift */,
				D86542082285D1210004FAAD /* Main.storyboard */,
				D865420B2285D1220004FAAD /* Assets.xcassets */,
				D865420D2285D1220004FAAD /* LaunchScreen.storyboard */,
				D86542102285D1220004FAAD /* Info.plist */,
			);
			path = TWTask;
			sourceTree = "<group>";
		};
		D86542182285D1230004FAAD /* TWTaskTests */ = {
			isa = PBXGroup;
			children = (
				D86542192285D1230004FAAD /* TWTaskTests.swift */,
				D865421B2285D1230004FAAD /* Info.plist */,
			);
			path = TWTaskTests;
			sourceTree = "<group>";
		};
/* End PBXGroup section */

/* Begin PBXNativeTarget section */
		D86542002285D1210004FAAD /* TWTask */ = {
			isa = PBXNativeTarget;
			buildConfigurationList = D865421E2285D1230004FAAD /* Build configuration list for PBXNativeTarget "TWTask" */;
			buildPhases = (
				D86541FD2285D1210004FAAD /* Sources */,
				D86541FE2285D1210004FAAD /* Frameworks */,
				D86541FF2285D1210004FAAD /* Resources */,
			);
			buildRules = (
			);
			dependencies = (
			);
			name = TWTask;
			productName = TWTask;
			productReference = D86542012285D1210004FAAD /* TWTask.app */;
			productType = "com.apple.product-type.application";
		};
		D86542142285D1230004FAAD /* TWTaskTests */ = {
			isa = PBXNativeTarget;
			buildConfigurationList = D86542212285D1230004FAAD /* Build configuration list for PBXNativeTarget "TWTaskTests" */;
			buildPhases = (
				D86542112285D1230004FAAD /* Sources */,
				D86542122285D1230004FAAD /* Frameworks */,
				D86542132285D1230004FAAD /* Resources */,
			);
			buildRules = (
			);
			dependencies = (
				D86542172285D1230004FAAD /* PBXTargetDependency */,
			);
			name = TWTaskTests;
			productName = TWTaskTests;
			productReference = D86542152285D1230004FAAD /* TWTaskTests.xctest */;
			productType = "com.apple.product-type.bundle.unit-test";
		};
/* End PBXNativeTarget section */

/* Begin PBXProject section */
		D86541F92285D1210004FAAD /* Project object */ = {
			isa = PBXProject;
			attributes = {
				LastSwiftUpdateCheck = 1020;
				LastUpgradeCheck = 1020;
				ORGANIZATIONNAME = "Farhan Tahir";
				TargetAttributes = {
					D86542002285D1210004FAAD = {
						CreatedOnToolsVersion = 10.2.1;
					};
					D86542142285D1230004FAAD = {
						CreatedOnToolsVersion = 10.2.1;
						TestTargetID = D86542002285D1210004FAAD;
					};
				};
			};
			buildConfigurationList = D86541FC2285D1210004FAAD /* Build configuration list for PBXProject "TWTask" */;
			compatibilityVersion = "Xcode 9.3";
			developmentRegion = en;
			hasScannedForEncodings = 0;
			knownRegions = (
				en,
				Base,
			);
			mainGroup = D86541F82285D1210004FAAD;
			productRefGroup = D86542022285D1210004FAAD /* Products */;
			projectDirPath = "";
			projectRoot = "";
			targets = (
				D86542002285D1210004FAAD /* TWTask */,
				D86542142285D1230004FAAD /* TWTaskTests */,
			);
		};
/* End PBXProject section */

/* Begin PBXResourcesBuildPhase section */
		D86541FF2285D1210004FAAD /* Resources */ = {
			isa = PBXResourcesBuildPhase;
			buildActionMask = 2147483647;
			files = (
				D865420F2285D1220004FAAD /* LaunchScreen.storyboard in Resources */,
				D865420C2285D1220004FAAD /* Assets.xcassets in Resources */,
				D865420A2285D1210004FAAD /* Main.storyboard in Resources */,
			);
			runOnlyForDeploymentPostprocessing = 0;
		};
		D86542132285D1230004FAAD /* Resources */ = {
			isa = PBXResourcesBuildPhase;
			buildActionMask = 2147483647;
			files = (
			);
			runOnlyForDeploymentPostprocessing = 0;
		};
/* End PBXResourcesBuildPhase section */

/* Begin PBXSourcesBuildPhase section */
		D86541FD2285D1210004FAAD /* Sources */ = {
			isa = PBXSourcesBuildPhase;
			buildActionMask = 2147483647;
			files = (
				D86542072285D1210004FAAD /* ViewController.swift in Sources */,
				D86542052285D1210004FAAD /* AppDelegate.swift in Sources */,
			);
			runOnlyForDeploymentPostprocessing = 0;
		};
		D86542112285D1230004FAAD /* Sources */ = {
			isa = PBXSourcesBuildPhase;
			buildActionMask = 2147483647;
			files = (
				D865421A2285D1230004FAAD /* TWTaskTests.swift in Sources */,
			);
			runOnlyForDeploymentPostprocessing = 0;
		};
/* End PBXSourcesBuildPhase section */

/* Begin PBXTargetDependency section */
		D86542172285D1230004FAAD /* PBXTargetDependency */ = {
			isa = PBXTargetDependency;
			target = D86542002285D1210004FAAD /* TWTask */;
			targetProxy = D86542162285D1230004FAAD /* PBXContainerItemProxy */;
		};
/* End PBXTargetDependency section */

/* Begin PBXVariantGroup section */
		D86542082285D1210004FAAD /* Main.storyboard */ = {
			isa = PBXVariantGroup;
			children = (
				D86542092285D1210004FAAD /* Base */,
			);
			name = Main.storyboard;
			sourceTree = "<group>";
		};
		D865420D2285D1220004FAAD /* LaunchScreen.storyboard */ = {
			isa = PBXVariantGroup;
			children = (
				D865420E2285D1220004FAAD /* Base */,
			);
			name = LaunchScreen.storyboard;
			sourceTree = "<group>";
		};
/* End PBXVariantGroup section */

/* Begin XCBuildConfiguration section */
		D865421C2285D1230004FAAD /* Debug */ = {
			isa = XCBuildConfiguration;
			buildSettings = {
				ALWAYS_SEARCH_USER_PATHS = NO;
				CLANG_ANALYZER_NONNULL = YES;
				CLANG_ANALYZER_NUMBER_OBJECT_CONVERSION = YES_AGGRESSIVE;
				CLANG_CXX_LANGUAGE_STANDARD = "gnu++14";
				CLANG_CXX_LIBRARY = "libc++";
				CLANG_ENABLE_MODULES = YES;
				CLANG_ENABLE_OBJC_ARC = YES;
				CLANG_ENABLE_OBJC_WEAK = YES;
				CLANG_WARN_BLOCK_CAPTURE_AUTORELEASING = YES;
				CLANG_WARN_BOOL_CONVERSION = YES;
				CLANG_WARN_COMMA = YES;
				CLANG_WARN_CONSTANT_CONVERSION = YES;
				CLANG_WARN_DEPRECATED_OBJC_IMPLEMENTATIONS = YES;
				CLANG_WARN_DIRECT_OBJC_ISA_USAGE = YES_ERROR;
				CLANG_WARN_DOCUMENTATION_COMMENTS = YES;
				CLANG_WARN_EMPTY_BODY = YES;
				CLANG_WARN_ENUM_CONVERSION = YES;
				CLANG_WARN_INFINITE_RECURSION = YES;
				CLANG_WARN_INT_CONVERSION = YES;
				CLANG_WARN_NON_LITERAL_NULL_CONVERSION = YES;
				CLANG_WARN_OBJC_IMPLICIT_RETAIN_SELF = YES;
				CLANG_WARN_OBJC_LITERAL_CONVERSION = YES;
				CLANG_WARN_OBJC_ROOT_CLASS = YES_ERROR;
				CLANG_WARN_RANGE_LOOP_ANALYSIS = YES;
				CLANG_WARN_STRICT_PROTOTYPES = YES;
				CLANG_WARN_SUSPICIOUS_MOVE = YES;
				CLANG_WARN_UNGUARDED_AVAILABILITY = YES_AGGRESSIVE;
				CLANG_WARN_UNREACHABLE_CODE = YES;
				CLANG_WARN__DUPLICATE_METHOD_MATCH = YES;
				CODE_SIGN_IDENTITY = "iPhone Developer";
				COPY_PHASE_STRIP = NO;
				DEBUG_INFORMATION_FORMAT = dwarf;
				ENABLE_STRICT_OBJC_MSGSEND = YES;
				ENABLE_TESTABILITY = YES;
				GCC_C_LANGUAGE_STANDARD = gnu11;
				GCC_DYNAMIC_NO_PIC = NO;
				GCC_NO_COMMON_BLOCKS = YES;
				GCC_OPTIMIZATION_LEVEL = 0;
				GCC_PREPROCESSOR_DEFINITIONS = (
					"DEBUG=1",
					"$(inherited)",
				);
				GCC_WARN_64_TO_32_BIT_CONVERSION = YES;
				GCC_WARN_ABOUT_RETURN_TYPE = YES_ERROR;
				GCC_WARN_UNDECLARED_SELECTOR = YES;
				GCC_WARN_UNINITIALIZED_AUTOS = YES_AGGRESSIVE;
				GCC_WARN_UNUSED_FUNCTION = YES;
				GCC_WARN_UNUSED_VARIABLE = YES;
				IPHONEOS_DEPLOYMENT_TARGET = 12.2;
				MTL_ENABLE_DEBUG_INFO = INCLUDE_SOURCE;
				MTL_FAST_MATH = YES;
				ONLY_ACTIVE_ARCH = YES;
				SDKROOT = iphoneos;
				SWIFT_ACTIVE_COMPILATION_CONDITIONS = DEBUG;
				SWIFT_OPTIMIZATION_LEVEL = "-Onone";
			};
			name = Debug;
		};
		D865421D2285D1230004FAAD /* Release */ = {
			isa = XCBuildConfiguration;
			buildSettings = {
				ALWAYS_SEARCH_USER_PATHS = NO;
				CLANG_ANALYZER_NONNULL = YES;
				CLANG_ANALYZER_NUMBER_OBJECT_CONVERSION = YES_AGGRESSIVE;
				CLANG_CXX_LANGUAGE_STANDARD = "gnu++14";
				CLANG_CXX_LIBRARY = "libc++";
				CLANG_ENABLE_MODULES = YES;
				CLANG_ENABLE_OBJC_ARC = YES;
				CLANG_ENABLE_OBJC_WEAK = YES;
				CLANG_WARN_BLOCK_CAPTURE_AUTORELEASING = YES;
				CLANG_WARN_BOOL_CONVERSION = YES;
				CLANG_WARN_COMMA = YES;
				CLANG_WARN_CONSTANT_CONVERSION = YES;
				CLANG_WARN_DEPRECATED_OBJC_IMPLEMENTATIONS = YES;
				CLANG_WARN_DIRECT_OBJC_ISA_USAGE = YES_ERROR;
				CLANG_WARN_DOCUMENTATION_COMMENTS = YES;
				CLANG_WARN_EMPTY_BODY = YES;
				CLANG_WARN_ENUM_CONVERSION = YES;
				CLANG_WARN_INFINITE_RECURSION = YES;
				CLANG_WARN_INT_CONVERSION = YES;
				CLANG_WARN_NON_LITERAL_NULL_CONVERSION = YES;
				CLANG_WARN_OBJC_IMPLICIT_RETAIN_SELF = YES;
				CLANG_WARN_OBJC_LITERAL_CONVERSION = YES;
				CLANG_WARN_OBJC_ROOT_CLASS = YES_ERROR;
				CLANG_WARN_RANGE_LOOP_ANALYSIS = YES;
				CLANG_WARN_STRICT_PROTOTYPES = YES;
				CLANG_WARN_SUSPICIOUS_MOVE = YES;
				CLANG_WARN_UNGUARDED_AVAILABILITY = YES_AGGRESSIVE;
				CLANG_WARN_UNREACHABLE_CODE = YES;
				CLANG_WARN__DUPLICATE_METHOD_MATCH = YES;
				CODE_SIGN_IDENTITY = "iPhone Developer";
				COPY_PHASE_STRIP = NO;
				DEBUG_INFORMATION_FORMAT = "dwarf-with-dsym";
				ENABLE_NS_ASSERTIONS = NO;
				ENABLE_STRICT_OBJC_MSGSEND = YES;
				GCC_C_LANGUAGE_STANDARD = gnu11;
				GCC_NO_COMMON_BLOCKS = YES;
				GCC_WARN_64_TO_32_BIT_CONVERSION = YES;
				GCC_WARN_ABOUT_RETURN_TYPE = YES_ERROR;
				GCC_WARN_UNDECLARED_SELECTOR = YES;
				GCC_WARN_UNINITIALIZED_AUTOS = YES_AGGRESSIVE;
				GCC_WARN_UNUSED_FUNCTION = YES;
				GCC_WARN_UNUSED_VARIABLE = YES;
				IPHONEOS_DEPLOYMENT_TARGET = 12.2;
				MTL_ENABLE_DEBUG_INFO = NO;
				MTL_FAST_MATH = YES;
				SDKROOT = iphoneos;
				SWIFT_COMPILATION_MODE = wholemodule;
				SWIFT_OPTIMIZATION_LEVEL = "-O";
				VALIDATE_PRODUCT = YES;
			};
			name = Release;
		};
		D865421F2285D1230004FAAD /* Debug */ = {
			isa = XCBuildConfiguration;
			buildSettings = {
				ASSETCATALOG_COMPILER_APPICON_NAME = AppIcon;
				CODE_SIGN_STYLE = Automatic;
				DEVELOPMENT_TEAM = HGY2RQ2389;
				INFOPLIST_FILE = TWTask/Info.plist;
				LD_RUNPATH_SEARCH_PATHS = (
					"$(inherited)",
					"@executable_path/Frameworks",
				);
				PRODUCT_BUNDLE_IDENTIFIER = com.ft.TWTask;
				PRODUCT_NAME = "$(TARGET_NAME)";
				SWIFT_VERSION = 5.0;
				TARGETED_DEVICE_FAMILY = "1,2";
			};
			name = Debug;
		};
		D86542202285D1230004FAAD /* Release */ = {
			isa = XCBuildConfiguration;
			buildSettings = {
				ASSETCATALOG_COMPILER_APPICON_NAME = AppIcon;
				CODE_SIGN_STYLE = Automatic;
				DEVELOPMENT_TEAM = HGY2RQ2389;
				INFOPLIST_FILE = TWTask/Info.plist;
				LD_RUNPATH_SEARCH_PATHS = (
					"$(inherited)",
					"@executable_path/Frameworks",
				);
				PRODUCT_BUNDLE_IDENTIFIER = com.ft.TWTask;
				PRODUCT_NAME = "$(TARGET_NAME)";
				SWIFT_VERSION = 5.0;
				TARGETED_DEVICE_FAMILY = "1,2";
			};
			name = Release;
		};
		D86542222285D1230004FAAD /* Debug */ = {
			isa = XCBuildConfiguration;
			buildSettings = {
				ALWAYS_EMBED_SWIFT_STANDARD_LIBRARIES = YES;
				BUNDLE_LOADER = "$(TEST_HOST)";
				CODE_SIGN_STYLE = Automatic;
				DEVELOPMENT_TEAM = HGY2RQ2389;
				INFOPLIST_FILE = TWTaskTests/Info.plist;
				LD_RUNPATH_SEARCH_PATHS = (
					"$(inherited)",
					"@executable_path/Frameworks",
					"@loader_path/Frameworks",
				);
				PRODUCT_BUNDLE_IDENTIFIER = com.ft.TWTaskTests;
				PRODUCT_NAME = "$(TARGET_NAME)";
				SWIFT_VERSION = 5.0;
				TARGETED_DEVICE_FAMILY = "1,2";
				TEST_HOST = "$(BUILT_PRODUCTS_DIR)/TWTask.app/TWTask";
			};
			name = Debug;
		};
		D86542232285D1230004FAAD /* Release */ = {
			isa = XCBuildConfiguration;
			buildSettings = {
				ALWAYS_EMBED_SWIFT_STANDARD_LIBRARIES = YES;
				BUNDLE_LOADER = "$(TEST_HOST)";
				CODE_SIGN_STYLE = Automatic;
				DEVELOPMENT_TEAM = HGY2RQ2389;
				INFOPLIST_FILE = TWTaskTests/Info.plist;
				LD_RUNPATH_SEARCH_PATHS = (
					"$(inherited)",
					"@executable_path/Frameworks",
					"@loader_path/Frameworks",
				);
				PRODUCT_BUNDLE_IDENTIFIER = com.ft.TWTaskTests;
				PRODUCT_NAME = "$(TARGET_NAME)";
				SWIFT_VERSION = 5.0;
				TARGETED_DEVICE_FAMILY = "1,2";
				TEST_HOST = "$(BUILT_PRODUCTS_DIR)/TWTask.app/TWTask";
			};
			name = Release;
		};
/* End XCBuildConfiguration section */

/* Begin XCConfigurationList section */
		D86541FC2285D1210004FAAD /* Build configuration list for PBXProject "TWTask" */ = {
			isa = XCConfigurationList;
			buildConfigurations = (
				D865421C2285D1230004FAAD /* Debug */,
				D865421D2285D1230004FAAD /* Release */,
			);
			defaultConfigurationIsVisible = 0;
			defaultConfigurationName = Release;
		};
		D865421E2285D1230004FAAD /* Build configuration list for PBXNativeTarget "TWTask" */ = {
			isa = XCConfigurationList;
			buildConfigurations = (
				D865421F2285D1230004FAAD /* Debug */,
				D86542202285D1230004FAAD /* Release */,
			);
			defaultConfigurationIsVisible = 0;
			defaultConfigurationName = Release;
		};
		D86542212285D1230004FAAD /* Build configuration list for PBXNativeTarget "TWTaskTests" */ = {
			isa = XCConfigurationList;
			buildConfigurations = (
				D86542222285D1230004FAAD /* Debug */,
				D86542232285D1230004FAAD /* Release */,
			);
			defaultConfigurationIsVisible = 0;
			defaultConfigurationName = Release;
		};
/* End XCConfigurationList section */
	};
	rootObject = D86541F92285D1210004FAAD /* Project object */;
}
